{
	"name": "aerospace-backend",
	"version": "0.0.1",
	"lockfileVersion": 3,
	"requires": true,
	"packages": {
		"": {
			"name": "aerospace-backend",
			"version": "0.0.1",
			"dependencies": {
				"@azure/arm-containerinstance": "^9.1.0",
				"@azure/identity": "^4.2.0",
				"@cloudflare/itty-router-openapi": "^1.0.1",
				"@neondatabase/serverless": "^0.9.4",
				"aerospace-backend": "file:",
				"jose": "^5.4.0"
			},
			"devDependencies": {
				"@cloudflare/workers-types": "^4.20240529.0",
				"@types/node": "^20.5.7",
				"@types/service-worker-mock": "^2.0.1",
				"wrangler": "^3.73.0"
			}
		},
		"node_modules/@asteasolutions/zod-to-openapi": {
			"version": "6.4.0",
			"license": "MIT",
			"dependencies": {
				"openapi3-ts": "^4.1.2"
			},
			"peerDependencies": {
				"zod": "^3.20.2"
			}
		},
		"node_modules/@azure/abort-controller": {
			"version": "1.1.0",
			"resolved": "https://registry.npmjs.org/@azure/abort-controller/-/abort-controller-1.1.0.tgz",
			"integrity": "sha512-TrRLIoSQVzfAJX9H1JeFjzAoDGcoK1IYX1UImfceTZpsyYfWr09Ss1aHW1y5TrrR3iq6RZLBwJ3E24uwPhwahw==",
			"dependencies": {
				"tslib": "^2.2.0"
			},
			"engines": {
				"node": ">=12.0.0"
			}
		},
		"node_modules/@azure/arm-containerinstance": {
			"version": "9.1.0",
			"resolved": "https://registry.npmjs.org/@azure/arm-containerinstance/-/arm-containerinstance-9.1.0.tgz",
			"integrity": "sha512-N9T3/HJwWXvJuz7tin+nO+DYYCTGHILJ5Die3TtdF8Wd1ITfXGqB0vY/wOnspUu/AGojhaIKGmawAfPdw2kX8w==",
			"dependencies": {
				"@azure/abort-controller": "^1.0.0",
				"@azure/core-auth": "^1.3.0",
				"@azure/core-client": "^1.7.0",
				"@azure/core-lro": "^2.5.0",
				"@azure/core-paging": "^1.2.0",
				"@azure/core-rest-pipeline": "^1.8.0",
				"tslib": "^2.2.0"
			},
			"engines": {
				"node": ">=14.0.0"
			}
		},
		"node_modules/@azure/core-auth": {
			"version": "1.7.2",
			"resolved": "https://registry.npmjs.org/@azure/core-auth/-/core-auth-1.7.2.tgz",
			"integrity": "sha512-Igm/S3fDYmnMq1uKS38Ae1/m37B3zigdlZw+kocwEhh5GjyKjPrXKO2J6rzpC1wAxrNil/jX9BJRqBshyjnF3g==",
			"dependencies": {
				"@azure/abort-controller": "^2.0.0",
				"@azure/core-util": "^1.1.0",
				"tslib": "^2.6.2"
			},
			"engines": {
				"node": ">=18.0.0"
			}
		},
		"node_modules/@azure/core-auth/node_modules/@azure/abort-controller": {
			"version": "2.1.2",
			"resolved": "https://registry.npmjs.org/@azure/abort-controller/-/abort-controller-2.1.2.tgz",
			"integrity": "sha512-nBrLsEWm4J2u5LpAPjxADTlq3trDgVZZXHNKabeXZtpq3d3AbN/KGO82R87rdDz5/lYB024rtEf10/q0urNgsA==",
			"dependencies": {
				"tslib": "^2.6.2"
			},
			"engines": {
				"node": ">=18.0.0"
			}
		},
		"node_modules/@azure/core-client": {
			"version": "1.9.2",
			"resolved": "https://registry.npmjs.org/@azure/core-client/-/core-client-1.9.2.tgz",
			"integrity": "sha512-kRdry/rav3fUKHl/aDLd/pDLcB+4pOFwPPTVEExuMyaI5r+JBbMWqRbCY1pn5BniDaU3lRxO9eaQ1AmSMehl/w==",
			"dependencies": {
				"@azure/abort-controller": "^2.0.0",
				"@azure/core-auth": "^1.4.0",
				"@azure/core-rest-pipeline": "^1.9.1",
				"@azure/core-tracing": "^1.0.0",
				"@azure/core-util": "^1.6.1",
				"@azure/logger": "^1.0.0",
				"tslib": "^2.6.2"
			},
			"engines": {
				"node": ">=18.0.0"
			}
		},
		"node_modules/@azure/core-client/node_modules/@azure/abort-controller": {
			"version": "2.1.2",
			"resolved": "https://registry.npmjs.org/@azure/abort-controller/-/abort-controller-2.1.2.tgz",
			"integrity": "sha512-nBrLsEWm4J2u5LpAPjxADTlq3trDgVZZXHNKabeXZtpq3d3AbN/KGO82R87rdDz5/lYB024rtEf10/q0urNgsA==",
			"dependencies": {
				"tslib": "^2.6.2"
			},
			"engines": {
				"node": ">=18.0.0"
			}
		},
		"node_modules/@azure/core-lro": {
			"version": "2.7.2",
			"resolved": "https://registry.npmjs.org/@azure/core-lro/-/core-lro-2.7.2.tgz",
			"integrity": "sha512-0YIpccoX8m/k00O7mDDMdJpbr6mf1yWo2dfmxt5A8XVZVVMz2SSKaEbMCeJRvgQ0IaSlqhjT47p4hVIRRy90xw==",
			"dependencies": {
				"@azure/abort-controller": "^2.0.0",
				"@azure/core-util": "^1.2.0",
				"@azure/logger": "^1.0.0",
				"tslib": "^2.6.2"
			},
			"engines": {
				"node": ">=18.0.0"
			}
		},
		"node_modules/@azure/core-lro/node_modules/@azure/abort-controller": {
			"version": "2.1.2",
			"resolved": "https://registry.npmjs.org/@azure/abort-controller/-/abort-controller-2.1.2.tgz",
			"integrity": "sha512-nBrLsEWm4J2u5LpAPjxADTlq3trDgVZZXHNKabeXZtpq3d3AbN/KGO82R87rdDz5/lYB024rtEf10/q0urNgsA==",
			"dependencies": {
				"tslib": "^2.6.2"
			},
			"engines": {
				"node": ">=18.0.0"
			}
		},
		"node_modules/@azure/core-paging": {
			"version": "1.6.2",
			"resolved": "https://registry.npmjs.org/@azure/core-paging/-/core-paging-1.6.2.tgz",
			"integrity": "sha512-YKWi9YuCU04B55h25cnOYZHxXYtEvQEbKST5vqRga7hWY9ydd3FZHdeQF8pyh+acWZvppw13M/LMGx0LABUVMA==",
			"dependencies": {
				"tslib": "^2.6.2"
			},
			"engines": {
				"node": ">=18.0.0"
			}
		},
		"node_modules/@azure/core-rest-pipeline": {
			"version": "1.16.0",
			"resolved": "https://registry.npmjs.org/@azure/core-rest-pipeline/-/core-rest-pipeline-1.16.0.tgz",
			"integrity": "sha512-CeuTvsXxCUmEuxH5g/aceuSl6w2EugvNHKAtKKVdiX915EjJJxAwfzNNWZreNnbxHZ2fi0zaM6wwS23x2JVqSQ==",
			"dependencies": {
				"@azure/abort-controller": "^2.0.0",
				"@azure/core-auth": "^1.4.0",
				"@azure/core-tracing": "^1.0.1",
				"@azure/core-util": "^1.9.0",
				"@azure/logger": "^1.0.0",
				"http-proxy-agent": "^7.0.0",
				"https-proxy-agent": "^7.0.0",
				"tslib": "^2.6.2"
			},
			"engines": {
				"node": ">=18.0.0"
			}
		},
		"node_modules/@azure/core-rest-pipeline/node_modules/@azure/abort-controller": {
			"version": "2.1.2",
			"resolved": "https://registry.npmjs.org/@azure/abort-controller/-/abort-controller-2.1.2.tgz",
			"integrity": "sha512-nBrLsEWm4J2u5LpAPjxADTlq3trDgVZZXHNKabeXZtpq3d3AbN/KGO82R87rdDz5/lYB024rtEf10/q0urNgsA==",
			"dependencies": {
				"tslib": "^2.6.2"
			},
			"engines": {
				"node": ">=18.0.0"
			}
		},
		"node_modules/@azure/core-tracing": {
			"version": "1.1.2",
			"resolved": "https://registry.npmjs.org/@azure/core-tracing/-/core-tracing-1.1.2.tgz",
			"integrity": "sha512-dawW9ifvWAWmUm9/h+/UQ2jrdvjCJ7VJEuCJ6XVNudzcOwm53BFZH4Q845vjfgoUAM8ZxokvVNxNxAITc502YA==",
			"dependencies": {
				"tslib": "^2.6.2"
			},
			"engines": {
				"node": ">=18.0.0"
			}
		},
		"node_modules/@azure/core-util": {
			"version": "1.9.0",
			"resolved": "https://registry.npmjs.org/@azure/core-util/-/core-util-1.9.0.tgz",
			"integrity": "sha512-AfalUQ1ZppaKuxPPMsFEUdX6GZPB3d9paR9d/TTL7Ow2De8cJaC7ibi7kWVlFAVPCYo31OcnGymc0R89DX8Oaw==",
			"dependencies": {
				"@azure/abort-controller": "^2.0.0",
				"tslib": "^2.6.2"
			},
			"engines": {
				"node": ">=18.0.0"
			}
		},
		"node_modules/@azure/core-util/node_modules/@azure/abort-controller": {
			"version": "2.1.2",
			"resolved": "https://registry.npmjs.org/@azure/abort-controller/-/abort-controller-2.1.2.tgz",
			"integrity": "sha512-nBrLsEWm4J2u5LpAPjxADTlq3trDgVZZXHNKabeXZtpq3d3AbN/KGO82R87rdDz5/lYB024rtEf10/q0urNgsA==",
			"dependencies": {
				"tslib": "^2.6.2"
			},
			"engines": {
				"node": ">=18.0.0"
			}
		},
		"node_modules/@azure/identity": {
			"version": "4.2.0",
			"resolved": "https://registry.npmjs.org/@azure/identity/-/identity-4.2.0.tgz",
			"integrity": "sha512-ve3aYv79qXOJ8wRxQ5jO0eIz2DZ4o0TyME4m4vlGV5YyePddVZ+pFMzusAMODNAflYAAv1cBIhKnd4xytmXyig==",
			"dependencies": {
				"@azure/abort-controller": "^1.0.0",
				"@azure/core-auth": "^1.5.0",
				"@azure/core-client": "^1.4.0",
				"@azure/core-rest-pipeline": "^1.1.0",
				"@azure/core-tracing": "^1.0.0",
				"@azure/core-util": "^1.3.0",
				"@azure/logger": "^1.0.0",
				"@azure/msal-browser": "^3.11.1",
				"@azure/msal-node": "^2.6.6",
				"events": "^3.0.0",
				"jws": "^4.0.0",
				"open": "^8.0.0",
				"stoppable": "^1.1.0",
				"tslib": "^2.2.0"
			},
			"engines": {
				"node": ">=18.0.0"
			}
		},
		"node_modules/@azure/logger": {
			"version": "1.1.2",
			"resolved": "https://registry.npmjs.org/@azure/logger/-/logger-1.1.2.tgz",
			"integrity": "sha512-l170uE7bsKpIU6B/giRc9i4NI0Mj+tANMMMxf7Zi/5cKzEqPayP7+X1WPrG7e+91JgY8N+7K7nF2WOi7iVhXvg==",
			"dependencies": {
				"tslib": "^2.6.2"
			},
			"engines": {
				"node": ">=18.0.0"
			}
		},
		"node_modules/@azure/msal-browser": {
			"version": "3.15.0",
			"resolved": "https://registry.npmjs.org/@azure/msal-browser/-/msal-browser-3.15.0.tgz",
			"integrity": "sha512-jqngIR0zGLtEHCAhgXLl+VZTFcU/9DmRSjGj5RbrLnFPL/0L9Hr68k8grvLrTIq7tjhTM5Xgh6Xc0l7JlViHQQ==",
			"dependencies": {
				"@azure/msal-common": "14.10.0"
			},
			"engines": {
				"node": ">=0.8.0"
			}
		},
		"node_modules/@azure/msal-common": {
			"version": "14.10.0",
			"resolved": "https://registry.npmjs.org/@azure/msal-common/-/msal-common-14.10.0.tgz",
			"integrity": "sha512-Zk6DPDz7e1wPgLoLgAp0349Yay9RvcjPM5We/ehuenDNsz/t9QEFI7tRoHpp/e47I4p20XE3FiDlhKwAo3utDA==",
			"engines": {
				"node": ">=0.8.0"
			}
		},
		"node_modules/@azure/msal-node": {
			"version": "2.9.0",
			"resolved": "https://registry.npmjs.org/@azure/msal-node/-/msal-node-2.9.0.tgz",
			"integrity": "sha512-QHAvP6wduXzNKdmZviT1dXKUR3w/FTqgkhg7UrZndHwdihRZzxVR7KxlUw/Eq+vIeLSh1n0vxiULnaEqrLnJ6w==",
			"dependencies": {
				"@azure/msal-common": "14.10.0",
				"jsonwebtoken": "^9.0.0",
				"uuid": "^8.3.0"
			},
			"engines": {
				"node": ">=16"
			}
		},
		"node_modules/@cloudflare/itty-router-openapi": {
			"version": "1.1.1",
			"license": "MIT",
			"dependencies": {
				"@asteasolutions/zod-to-openapi": "^6.4.0",
				"itty-router": "4.0.26",
				"js-yaml": "^4.1.0",
				"openapi3-ts": "^4.1.2",
				"zod": "^3.21.4"
			}
		},
		"node_modules/@cloudflare/kv-asset-handler": {
			"version": "0.3.4",
			"resolved": "https://registry.npmjs.org/@cloudflare/kv-asset-handler/-/kv-asset-handler-0.3.4.tgz",
			"integrity": "sha512-YLPHc8yASwjNkmcDMQMY35yiWjoKAKnhUbPRszBRS0YgH+IXtsMp61j+yTcnCE3oO2DgP0U3iejLC8FTtKDC8Q==",
			"dev": true,
			"dependencies": {
				"mime": "^3.0.0"
			},
			"engines": {
				"node": ">=16.13"
			}
		},
		"node_modules/@cloudflare/workerd-darwin-64": {
			"version": "1.20240821.1",
			"resolved": "https://registry.npmjs.org/@cloudflare/workerd-darwin-64/-/workerd-darwin-64-1.20240821.1.tgz",
			"integrity": "sha512-CDBpfZKrSy4YrIdqS84z67r3Tzal2pOhjCsIb63IuCnvVes59/ft1qhczBzk9EffeOE2iTCrA4YBT7Sbn7USew==",
			"cpu": [
				"x64"
			],
			"dev": true,
			"optional": true,
			"os": [
				"darwin"
			],
			"engines": {
				"node": ">=16"
			}
		},
		"node_modules/@cloudflare/workerd-darwin-arm64": {
			"version": "1.20240821.1",
			"resolved": "https://registry.npmjs.org/@cloudflare/workerd-darwin-arm64/-/workerd-darwin-arm64-1.20240821.1.tgz",
			"integrity": "sha512-Q+9RedvNbPcEt/dKni1oN94OxbvuNAeJkgHmrLFTGF8zu21wzOhVkQeRNxcYxrMa9mfStc457NAg13OVCj2kHQ==",
			"cpu": [
				"arm64"
			],
			"dev": true,
			"optional": true,
			"os": [
				"darwin"
			],
			"engines": {
				"node": ">=16"
			}
		},
		"node_modules/@cloudflare/workerd-linux-64": {
			"version": "1.20240821.1",
			"resolved": "https://registry.npmjs.org/@cloudflare/workerd-linux-64/-/workerd-linux-64-1.20240821.1.tgz",
			"integrity": "sha512-j6z3KsPtawrscoLuP985LbqFrmsJL6q1mvSXOXTqXGODAHIzGBipHARdOjms3UQqovzvqB2lQaQsZtLBwCZxtA==",
			"cpu": [
				"x64"
			],
			"dev": true,
			"optional": true,
			"os": [
				"linux"
			],
			"engines": {
				"node": ">=16"
			}
		},
		"node_modules/@cloudflare/workerd-linux-arm64": {
			"version": "1.20240821.1",
			"resolved": "https://registry.npmjs.org/@cloudflare/workerd-linux-arm64/-/workerd-linux-arm64-1.20240821.1.tgz",
			"integrity": "sha512-I9bHgZOxJQW0CV5gTdilyxzTG7ILzbTirehQWgfPx9X77E/7eIbR9sboOMgyeC69W4he0SKtpx0sYZuTJu4ERw==",
			"cpu": [
				"arm64"
			],
			"dev": true,
			"optional": true,
			"os": [
				"linux"
			],
			"engines": {
				"node": ">=16"
			}
		},
		"node_modules/@cloudflare/workerd-windows-64": {
			"version": "1.20240821.1",
			"resolved": "https://registry.npmjs.org/@cloudflare/workerd-windows-64/-/workerd-windows-64-1.20240821.1.tgz",
			"integrity": "sha512-keC97QPArs6LWbPejQM7/Y8Jy8QqyaZow4/ZdsGo+QjlOLiZRDpAenfZx3CBUoWwEeFwQTl2FLO+8hV1SWFFYw==",
			"cpu": [
				"x64"
			],
			"dev": true,
			"optional": true,
			"os": [
				"win32"
			],
			"engines": {
				"node": ">=16"
			}
		},
		"node_modules/@cloudflare/workers-shared": {
			"version": "0.4.1",
			"resolved": "https://registry.npmjs.org/@cloudflare/workers-shared/-/workers-shared-0.4.1.tgz",
			"integrity": "sha512-nYh4r8JwOOjYIdH2zub++CmIKlkYFlpxI1nBHimoiHcytJXD/b7ldJ21TtfzUZMCgI78mxVlymMHA/ReaOxKlA==",
			"dev": true,
			"engines": {
				"node": ">=16.7.0"
			}
		},
		"node_modules/@cloudflare/workers-types": {
			"version": "4.20240821.1",
			"resolved": "https://registry.npmjs.org/@cloudflare/workers-types/-/workers-types-4.20240821.1.tgz",
			"integrity": "sha512-icAkbnAqgVl6ef9lgLTom8na+kj2RBw2ViPAQ586hbdj0xZcnrjK7P46Eu08OU9D/lNDgN2sKU/sxhe2iK/gIg==",
			"dev": true
		},
		"node_modules/@cspotcode/source-map-support": {
			"version": "0.8.1",
			"resolved": "https://registry.npmjs.org/@cspotcode/source-map-support/-/source-map-support-0.8.1.tgz",
			"integrity": "sha512-IchNf6dN4tHoMFIn/7OE8LWZ19Y6q/67Bmf6vnGREv8RSbBVb9LPJxEcnwrcwX6ixSvaiGoomAUvu4YSxXrVgw==",
			"dev": true,
			"dependencies": {
				"@jridgewell/trace-mapping": "0.3.9"
			},
			"engines": {
				"node": ">=12"
			}
		},
		"node_modules/@esbuild-plugins/node-globals-polyfill": {
			"version": "0.2.3",
			"dev": true,
			"license": "ISC",
			"peerDependencies": {
				"esbuild": "*"
			}
		},
		"node_modules/@esbuild-plugins/node-modules-polyfill": {
			"version": "0.2.2",
			"dev": true,
			"license": "ISC",
			"dependencies": {
				"escape-string-regexp": "^4.0.0",
				"rollup-plugin-node-polyfills": "^0.2.1"
			},
			"peerDependencies": {
				"esbuild": "*"
			}
		},
		"node_modules/@esbuild/linux-x64": {
			"version": "0.17.19",
			"cpu": [
				"x64"
			],
			"dev": true,
			"license": "MIT",
			"optional": true,
			"os": [
				"linux"
			],
			"engines": {
				"node": ">=12"
			}
		},
		"node_modules/@fastify/busboy": {
			"version": "2.1.1",
			"resolved": "https://registry.npmjs.org/@fastify/busboy/-/busboy-2.1.1.tgz",
			"integrity": "sha512-vBZP4NlzfOlerQTnba4aqZoMhE/a9HY7HRqoOPaETQcSQuWEIyZMHGfVu6w9wGtGK5fED5qRs2DteVCjOH60sA==",
			"dev": true,
			"engines": {
				"node": ">=14"
			}
		},
		"node_modules/@jridgewell/resolve-uri": {
			"version": "3.1.2",
			"resolved": "https://registry.npmjs.org/@jridgewell/resolve-uri/-/resolve-uri-3.1.2.tgz",
			"integrity": "sha512-bRISgCIjP20/tbWSPWMEi54QVPRZExkuD9lJL+UIxUKtwVJA8wW1Trb1jMs1RFXo1CBTNZ/5hpC9QvmKWdopKw==",
			"dev": true,
			"engines": {
				"node": ">=6.0.0"
			}
		},
		"node_modules/@jridgewell/sourcemap-codec": {
			"version": "1.5.0",
			"resolved": "https://registry.npmjs.org/@jridgewell/sourcemap-codec/-/sourcemap-codec-1.5.0.tgz",
			"integrity": "sha512-gv3ZRaISU3fjPAgNsriBRqGWQL6quFx04YMPW/zD8XMLsU32mhCCbfbO6KZFLjvYpCZ8zyDEgqsgf+PwPaM7GQ==",
			"dev": true
		},
		"node_modules/@jridgewell/trace-mapping": {
			"version": "0.3.9",
			"resolved": "https://registry.npmjs.org/@jridgewell/trace-mapping/-/trace-mapping-0.3.9.tgz",
			"integrity": "sha512-3Belt6tdc8bPgAtbcmdtNJlirVoTmEb5e2gC94PnkwEW9jI6CAHUeoG85tjWP5WquqfavoMtMwiG4P926ZKKuQ==",
			"dev": true,
			"dependencies": {
				"@jridgewell/resolve-uri": "^3.0.3",
				"@jridgewell/sourcemap-codec": "^1.4.10"
			}
		},
		"node_modules/@neondatabase/serverless": {
			"version": "0.9.4",
			"resolved": "https://registry.npmjs.org/@neondatabase/serverless/-/serverless-0.9.4.tgz",
			"integrity": "sha512-D0AXgJh6xkf+XTlsO7iwE2Q1w8981E1cLCPAALMU2YKtkF/1SF6BiAzYARZFYo175ON+b1RNIy9TdSFHm5nteg==",
			"dependencies": {
				"@types/pg": "8.11.6"
			}
		},
		"node_modules/@types/node": {
			"version": "20.12.13",
			"license": "MIT",
			"dependencies": {
				"undici-types": "~5.26.4"
			}
		},
		"node_modules/@types/node-forge": {
			"version": "1.3.11",
			"dev": true,
			"license": "MIT",
			"dependencies": {
				"@types/node": "*"
			}
		},
		"node_modules/@types/pg": {
			"version": "8.11.6",
			"resolved": "https://registry.npmjs.org/@types/pg/-/pg-8.11.6.tgz",
			"integrity": "sha512-/2WmmBXHLsfRqzfHW7BNZ8SbYzE8OSk7i3WjFYvfgRHj7S1xj+16Je5fUKv3lVdVzk/zn9TXOqf+avFCFIE0yQ==",
			"dependencies": {
				"@types/node": "*",
				"pg-protocol": "*",
				"pg-types": "^4.0.1"
			}
		},
		"node_modules/@types/service-worker-mock": {
			"version": "2.0.4",
			"dev": true,
			"license": "MIT"
		},
		"node_modules/acorn": {
			"version": "8.12.1",
			"resolved": "https://registry.npmjs.org/acorn/-/acorn-8.12.1.tgz",
			"integrity": "sha512-tcpGyI9zbizT9JbV6oYE477V6mTlXvvi0T0G3SNIYE2apm/G5huBa1+K89VGeovbg+jycCrfhl3ADxErOuO6Jg==",
			"dev": true,
			"bin": {
				"acorn": "bin/acorn"
			},
			"engines": {
				"node": ">=0.4.0"
			}
		},
		"node_modules/acorn-walk": {
			"version": "8.3.3",
			"resolved": "https://registry.npmjs.org/acorn-walk/-/acorn-walk-8.3.3.tgz",
			"integrity": "sha512-MxXdReSRhGO7VlFe1bRG/oI7/mdLV9B9JJT0N8vZOhF7gFRR5l3M8W9G8JxmKV+JC5mGqJ0QvqfSOLsCPa4nUw==",
			"dev": true,
			"dependencies": {
				"acorn": "^8.11.0"
			},
			"engines": {
				"node": ">=0.4.0"
			}
		},
		"node_modules/aerospace-backend": {
			"resolved": "",
			"link": true
		},
		"node_modules/agent-base": {
			"version": "7.1.1",
			"resolved": "https://registry.npmjs.org/agent-base/-/agent-base-7.1.1.tgz",
			"integrity": "sha512-H0TSyFNDMomMNJQBn8wFV5YC/2eJ+VXECwOadZJT554xP6cODZHPX3H9QMQECxvrgiSOP1pHjy1sMWQVYJOUOA==",
			"dependencies": {
				"debug": "^4.3.4"
			},
			"engines": {
				"node": ">= 14"
			}
		},
		"node_modules/anymatch": {
			"version": "3.1.3",
			"dev": true,
			"license": "ISC",
			"dependencies": {
				"normalize-path": "^3.0.0",
				"picomatch": "^2.0.4"
			},
			"engines": {
				"node": ">= 8"
			}
		},
		"node_modules/argparse": {
			"version": "2.0.1",
			"license": "Python-2.0"
		},
		"node_modules/as-table": {
			"version": "1.0.55",
			"resolved": "https://registry.npmjs.org/as-table/-/as-table-1.0.55.tgz",
			"integrity": "sha512-xvsWESUJn0JN421Xb9MQw6AsMHRCUknCe0Wjlxvjud80mU4E6hQf1A6NzQKcYNmYw62MfzEtXc+badstZP3JpQ==",
			"dev": true,
			"dependencies": {
				"printable-characters": "^1.0.42"
			}
		},
		"node_modules/binary-extensions": {
			"version": "2.3.0",
			"dev": true,
			"license": "MIT",
			"engines": {
				"node": ">=8"
			},
			"funding": {
				"url": "https://github.com/sponsors/sindresorhus"
			}
		},
		"node_modules/blake3-wasm": {
			"version": "2.1.5",
			"dev": true,
			"license": "MIT"
		},
		"node_modules/braces": {
			"version": "3.0.3",
			"dev": true,
			"license": "MIT",
			"dependencies": {
				"fill-range": "^7.1.1"
			},
			"engines": {
				"node": ">=8"
			}
		},
		"node_modules/buffer-equal-constant-time": {
			"version": "1.0.1",
			"resolved": "https://registry.npmjs.org/buffer-equal-constant-time/-/buffer-equal-constant-time-1.0.1.tgz",
			"integrity": "sha512-zRpUiDwd/xk6ADqPMATG8vc9VPrkck7T07OIx0gnjmJAnHnTVXNQG3vfvWNuiZIkwu9KrKdA1iJKfsfTVxE6NA=="
		},
		"node_modules/capnp-ts": {
			"version": "0.7.0",
			"resolved": "https://registry.npmjs.org/capnp-ts/-/capnp-ts-0.7.0.tgz",
			"integrity": "sha512-XKxXAC3HVPv7r674zP0VC3RTXz+/JKhfyw94ljvF80yynK6VkTnqE3jMuN8b3dUVmmc43TjyxjW4KTsmB3c86g==",
			"dev": true,
			"dependencies": {
				"debug": "^4.3.1",
				"tslib": "^2.2.0"
			}
		},
		"node_modules/chokidar": {
			"version": "3.6.0",
			"dev": true,
			"license": "MIT",
			"dependencies": {
				"anymatch": "~3.1.2",
				"braces": "~3.0.2",
				"glob-parent": "~5.1.2",
				"is-binary-path": "~2.1.0",
				"is-glob": "~4.0.1",
				"normalize-path": "~3.0.0",
				"readdirp": "~3.6.0"
			},
			"engines": {
				"node": ">= 8.10.0"
			},
			"funding": {
				"url": "https://paulmillr.com/funding/"
			},
			"optionalDependencies": {
				"fsevents": "~2.3.2"
			}
		},
		"node_modules/cookie": {
			"version": "0.5.0",
			"resolved": "https://registry.npmjs.org/cookie/-/cookie-0.5.0.tgz",
			"integrity": "sha512-YZ3GUyn/o8gfKJlnlX7g7xq4gyO6OSuhGPKaaGssGB2qgDUS0gPgtTvoyZLTt9Ab6dC4hfc9dV5arkvc/OCmrw==",
			"dev": true,
			"engines": {
				"node": ">= 0.6"
			}
		},
		"node_modules/data-uri-to-buffer": {
			"version": "2.0.2",
			"resolved": "https://registry.npmjs.org/data-uri-to-buffer/-/data-uri-to-buffer-2.0.2.tgz",
			"integrity": "sha512-ND9qDTLc6diwj+Xe5cdAgVTbLVdXbtxTJRXRhli8Mowuaan+0EJOtdqJ0QCHNSSPyoXGx9HX2/VMnKeC34AChA==",
			"dev": true
		},
		"node_modules/date-fns": {
			"version": "3.6.0",
			"resolved": "https://registry.npmjs.org/date-fns/-/date-fns-3.6.0.tgz",
			"integrity": "sha512-fRHTG8g/Gif+kSh50gaGEdToemgfj74aRX3swtiouboip5JDLAyDE9F11nHMIcvOaXeOC6D7SpNhi7uFyB7Uww==",
			"dev": true,
			"funding": {
				"type": "github",
				"url": "https://github.com/sponsors/kossnocorp"
			}
		},
		"node_modules/debug": {
			"version": "4.3.5",
			"license": "MIT",
			"dependencies": {
				"ms": "2.1.2"
			},
			"engines": {
				"node": ">=6.0"
			},
			"peerDependenciesMeta": {
				"supports-color": {
					"optional": true
				}
			}
		},
		"node_modules/define-lazy-prop": {
			"version": "2.0.0",
			"resolved": "https://registry.npmjs.org/define-lazy-prop/-/define-lazy-prop-2.0.0.tgz",
			"integrity": "sha512-Ds09qNh8yw3khSjiJjiUInaGX9xlqZDY7JVryGxdxV7NPeuqQfplOpQ66yJFZut3jLa5zOwkXw1g9EI2uKh4Og==",
			"engines": {
				"node": ">=8"
			}
		},
		"node_modules/defu": {
			"version": "6.1.4",
			"resolved": "https://registry.npmjs.org/defu/-/defu-6.1.4.tgz",
			"integrity": "sha512-mEQCMmwJu317oSz8CwdIOdwf3xMif1ttiM8LTufzc3g6kR+9Pe236twL8j3IYT1F7GfRgGcW6MWxzZjLIkuHIg==",
			"dev": true
		},
		"node_modules/ecdsa-sig-formatter": {
			"version": "1.0.11",
			"resolved": "https://registry.npmjs.org/ecdsa-sig-formatter/-/ecdsa-sig-formatter-1.0.11.tgz",
			"integrity": "sha512-nagl3RYrbNv6kQkeJIpt6NJZy8twLB/2vtz6yN9Z4vRKHN4/QZJIEbqohALSgwKdnksuY3k5Addp5lg8sVoVcQ==",
			"dependencies": {
				"safe-buffer": "^5.0.1"
			}
		},
		"node_modules/esbuild": {
			"version": "0.17.19",
			"dev": true,
			"hasInstallScript": true,
			"license": "MIT",
			"bin": {
				"esbuild": "bin/esbuild"
			},
			"engines": {
				"node": ">=12"
			},
			"optionalDependencies": {
				"@esbuild/android-arm": "0.17.19",
				"@esbuild/android-arm64": "0.17.19",
				"@esbuild/android-x64": "0.17.19",
				"@esbuild/darwin-arm64": "0.17.19",
				"@esbuild/darwin-x64": "0.17.19",
				"@esbuild/freebsd-arm64": "0.17.19",
				"@esbuild/freebsd-x64": "0.17.19",
				"@esbuild/linux-arm": "0.17.19",
				"@esbuild/linux-arm64": "0.17.19",
				"@esbuild/linux-ia32": "0.17.19",
				"@esbuild/linux-loong64": "0.17.19",
				"@esbuild/linux-mips64el": "0.17.19",
				"@esbuild/linux-ppc64": "0.17.19",
				"@esbuild/linux-riscv64": "0.17.19",
				"@esbuild/linux-s390x": "0.17.19",
				"@esbuild/linux-x64": "0.17.19",
				"@esbuild/netbsd-x64": "0.17.19",
				"@esbuild/openbsd-x64": "0.17.19",
				"@esbuild/sunos-x64": "0.17.19",
				"@esbuild/win32-arm64": "0.17.19",
				"@esbuild/win32-ia32": "0.17.19",
				"@esbuild/win32-x64": "0.17.19"
			}
		},
		"node_modules/escape-string-regexp": {
			"version": "4.0.0",
			"dev": true,
			"license": "MIT",
			"engines": {
				"node": ">=10"
			},
			"funding": {
				"url": "https://github.com/sponsors/sindresorhus"
			}
		},
		"node_modules/estree-walker": {
			"version": "0.6.1",
			"dev": true,
			"license": "MIT"
		},
		"node_modules/events": {
			"version": "3.3.0",
			"resolved": "https://registry.npmjs.org/events/-/events-3.3.0.tgz",
			"integrity": "sha512-mQw+2fkQbALzQ7V0MY0IqdnXNOeTtP4r0lN9z7AAawCXgqea7bDii20AYrIBrFd/Hx0M2Ocz6S111CaFkUcb0Q==",
			"engines": {
				"node": ">=0.8.x"
			}
		},
		"node_modules/exit-hook": {
			"version": "2.2.1",
			"resolved": "https://registry.npmjs.org/exit-hook/-/exit-hook-2.2.1.tgz",
			"integrity": "sha512-eNTPlAD67BmP31LDINZ3U7HSF8l57TxOY2PmBJ1shpCvpnxBF93mWCE8YHBnXs8qiUZJc9WDcWIeC3a2HIAMfw==",
			"dev": true,
			"engines": {
				"node": ">=6"
			},
			"funding": {
				"url": "https://github.com/sponsors/sindresorhus"
			}
		},
		"node_modules/fill-range": {
			"version": "7.1.1",
			"dev": true,
			"license": "MIT",
			"dependencies": {
				"to-regex-range": "^5.0.1"
			},
			"engines": {
				"node": ">=8"
			}
		},
		"node_modules/fsevents": {
			"version": "2.3.3",
			"resolved": "https://registry.npmjs.org/fsevents/-/fsevents-2.3.3.tgz",
			"integrity": "sha512-5xoDfX+fL7faATnagmWPpbFtwh/R77WmMMqqHGS65C3vvB0YHrgF+B1YmZ3441tMj5n63k0212XNoJwzlhffQw==",
			"dev": true,
			"hasInstallScript": true,
			"optional": true,
			"os": [
				"darwin"
			],
			"engines": {
				"node": "^8.16.0 || ^10.6.0 || >=11.0.0"
			}
		},
		"node_modules/function-bind": {
			"version": "1.1.2",
			"dev": true,
			"license": "MIT",
			"funding": {
				"url": "https://github.com/sponsors/ljharb"
			}
		},
		"node_modules/get-source": {
			"version": "2.0.12",
			"resolved": "https://registry.npmjs.org/get-source/-/get-source-2.0.12.tgz",
			"integrity": "sha512-X5+4+iD+HoSeEED+uwrQ07BOQr0kEDFMVqqpBuI+RaZBpBpHCuXxo70bjar6f0b0u/DQJsJ7ssurpP0V60Az+w==",
			"dev": true,
			"dependencies": {
				"data-uri-to-buffer": "^2.0.0",
				"source-map": "^0.6.1"
			}
		},
		"node_modules/glob-parent": {
			"version": "5.1.2",
			"dev": true,
			"license": "ISC",
			"dependencies": {
				"is-glob": "^4.0.1"
			},
			"engines": {
				"node": ">= 6"
			}
		},
		"node_modules/glob-to-regexp": {
			"version": "0.4.1",
			"resolved": "https://registry.npmjs.org/glob-to-regexp/-/glob-to-regexp-0.4.1.tgz",
			"integrity": "sha512-lkX1HJXwyMcprw/5YUZc2s7DrpAiHB21/V+E1rHUrVNokkvB6bqMzT0VfV6/86ZNabt1k14YOIaT7nDvOX3Iiw==",
			"dev": true
		},
		"node_modules/hasown": {
			"version": "2.0.2",
			"dev": true,
			"license": "MIT",
			"dependencies": {
				"function-bind": "^1.1.2"
			},
			"engines": {
				"node": ">= 0.4"
			}
		},
		"node_modules/http-proxy-agent": {
			"version": "7.0.2",
			"resolved": "https://registry.npmjs.org/http-proxy-agent/-/http-proxy-agent-7.0.2.tgz",
			"integrity": "sha512-T1gkAiYYDWYx3V5Bmyu7HcfcvL7mUrTWiM6yOfa3PIphViJ/gFPbvidQ+veqSOHci/PxBcDabeUNCzpOODJZig==",
			"dependencies": {
				"agent-base": "^7.1.0",
				"debug": "^4.3.4"
			},
			"engines": {
				"node": ">= 14"
			}
		},
		"node_modules/https-proxy-agent": {
			"version": "7.0.4",
			"resolved": "https://registry.npmjs.org/https-proxy-agent/-/https-proxy-agent-7.0.4.tgz",
			"integrity": "sha512-wlwpilI7YdjSkWaQ/7omYBMTliDcmCN8OLihO6I9B86g06lMyAoqgoDpV0XqoaPOKj+0DIdAvnsWfyAAhmimcg==",
			"dependencies": {
				"agent-base": "^7.0.2",
				"debug": "4"
			},
			"engines": {
				"node": ">= 14"
			}
		},
		"node_modules/is-binary-path": {
			"version": "2.1.0",
			"dev": true,
			"license": "MIT",
			"dependencies": {
				"binary-extensions": "^2.0.0"
			},
			"engines": {
				"node": ">=8"
			}
		},
		"node_modules/is-core-module": {
			"version": "2.13.1",
			"dev": true,
			"license": "MIT",
			"dependencies": {
				"hasown": "^2.0.0"
			},
			"funding": {
				"url": "https://github.com/sponsors/ljharb"
			}
		},
		"node_modules/is-docker": {
			"version": "2.2.1",
			"resolved": "https://registry.npmjs.org/is-docker/-/is-docker-2.2.1.tgz",
			"integrity": "sha512-F+i2BKsFrH66iaUFc0woD8sLy8getkwTwtOBjvs56Cx4CgJDeKQeqfz8wAYiSb8JOprWhHH5p77PbmYCvvUuXQ==",
			"bin": {
				"is-docker": "cli.js"
			},
			"engines": {
				"node": ">=8"
			},
			"funding": {
				"url": "https://github.com/sponsors/sindresorhus"
			}
		},
		"node_modules/is-extglob": {
			"version": "2.1.1",
			"dev": true,
			"license": "MIT",
			"engines": {
				"node": ">=0.10.0"
			}
		},
		"node_modules/is-glob": {
			"version": "4.0.3",
			"dev": true,
			"license": "MIT",
			"dependencies": {
				"is-extglob": "^2.1.1"
			},
			"engines": {
				"node": ">=0.10.0"
			}
		},
		"node_modules/is-number": {
			"version": "7.0.0",
			"dev": true,
			"license": "MIT",
			"engines": {
				"node": ">=0.12.0"
			}
		},
		"node_modules/is-wsl": {
			"version": "2.2.0",
			"resolved": "https://registry.npmjs.org/is-wsl/-/is-wsl-2.2.0.tgz",
			"integrity": "sha512-fKzAra0rGJUUBwGBgNkHZuToZcn+TtXHpeCgmkMJMMYx1sQDYaCSyjJBSCa2nH1DGm7s3n1oBnohoVTBaN7Lww==",
			"dependencies": {
				"is-docker": "^2.0.0"
			},
			"engines": {
				"node": ">=8"
			}
		},
		"node_modules/itty-router": {
			"version": "4.0.26",
			"license": "MIT"
		},
		"node_modules/jose": {
			"version": "5.8.0",
			"resolved": "https://registry.npmjs.org/jose/-/jose-5.8.0.tgz",
			"integrity": "sha512-E7CqYpL/t7MMnfGnK/eg416OsFCVUrU/Y3Vwe7QjKhu/BkS1Ms455+2xsqZQVN57/U2MHMBvEb5SrmAZWAIntA==",
			"funding": {
				"url": "https://github.com/sponsors/panva"
			}
		},
		"node_modules/js-yaml": {
			"version": "4.1.0",
			"license": "MIT",
			"dependencies": {
				"argparse": "^2.0.1"
			},
			"bin": {
				"js-yaml": "bin/js-yaml.js"
			}
		},
		"node_modules/jsonwebtoken": {
			"version": "9.0.2",
			"resolved": "https://registry.npmjs.org/jsonwebtoken/-/jsonwebtoken-9.0.2.tgz",
			"integrity": "sha512-PRp66vJ865SSqOlgqS8hujT5U4AOgMfhrwYIuIhfKaoSCZcirrmASQr8CX7cUg+RMih+hgznrjp99o+W4pJLHQ==",
			"dependencies": {
				"jws": "^3.2.2",
				"lodash.includes": "^4.3.0",
				"lodash.isboolean": "^3.0.3",
				"lodash.isinteger": "^4.0.4",
				"lodash.isnumber": "^3.0.3",
				"lodash.isplainobject": "^4.0.6",
				"lodash.isstring": "^4.0.1",
				"lodash.once": "^4.0.0",
				"ms": "^2.1.1",
				"semver": "^7.5.4"
			},
			"engines": {
				"node": ">=12",
				"npm": ">=6"
			}
		},
		"node_modules/jsonwebtoken/node_modules/jwa": {
			"version": "1.4.1",
			"resolved": "https://registry.npmjs.org/jwa/-/jwa-1.4.1.tgz",
			"integrity": "sha512-qiLX/xhEEFKUAJ6FiBMbes3w9ATzyk5W7Hvzpa/SLYdxNtng+gcurvrI7TbACjIXlsJyr05/S1oUhZrc63evQA==",
			"dependencies": {
				"buffer-equal-constant-time": "1.0.1",
				"ecdsa-sig-formatter": "1.0.11",
				"safe-buffer": "^5.0.1"
			}
		},
		"node_modules/jsonwebtoken/node_modules/jws": {
			"version": "3.2.2",
			"resolved": "https://registry.npmjs.org/jws/-/jws-3.2.2.tgz",
			"integrity": "sha512-YHlZCB6lMTllWDtSPHz/ZXTsi8S00usEV6v1tjq8tOUZzw7DpSDWVXjXDre6ed1w/pd495ODpHZYSdkRTsa0HA==",
			"dependencies": {
				"jwa": "^1.4.1",
				"safe-buffer": "^5.0.1"
			}
		},
		"node_modules/jwa": {
			"version": "2.0.0",
			"resolved": "https://registry.npmjs.org/jwa/-/jwa-2.0.0.tgz",
			"integrity": "sha512-jrZ2Qx916EA+fq9cEAeCROWPTfCwi1IVHqT2tapuqLEVVDKFDENFw1oL+MwrTvH6msKxsd1YTDVw6uKEcsrLEA==",
			"dependencies": {
				"buffer-equal-constant-time": "1.0.1",
				"ecdsa-sig-formatter": "1.0.11",
				"safe-buffer": "^5.0.1"
			}
		},
		"node_modules/jws": {
			"version": "4.0.0",
			"resolved": "https://registry.npmjs.org/jws/-/jws-4.0.0.tgz",
			"integrity": "sha512-KDncfTmOZoOMTFG4mBlG0qUIOlc03fmzH+ru6RgYVZhPkyiy/92Owlt/8UEN+a4TXR1FQetfIpJE8ApdvdVxTg==",
			"dependencies": {
				"jwa": "^2.0.0",
				"safe-buffer": "^5.0.1"
			}
		},
		"node_modules/lodash.includes": {
			"version": "4.3.0",
			"resolved": "https://registry.npmjs.org/lodash.includes/-/lodash.includes-4.3.0.tgz",
			"integrity": "sha512-W3Bx6mdkRTGtlJISOvVD/lbqjTlPPUDTMnlXZFnVwi9NKJ6tiAk6LVdlhZMm17VZisqhKcgzpO5Wz91PCt5b0w=="
		},
		"node_modules/lodash.isboolean": {
			"version": "3.0.3",
			"resolved": "https://registry.npmjs.org/lodash.isboolean/-/lodash.isboolean-3.0.3.tgz",
			"integrity": "sha512-Bz5mupy2SVbPHURB98VAcw+aHh4vRV5IPNhILUCsOzRmsTmSQ17jIuqopAentWoehktxGd9e/hbIXq980/1QJg=="
		},
		"node_modules/lodash.isinteger": {
			"version": "4.0.4",
			"resolved": "https://registry.npmjs.org/lodash.isinteger/-/lodash.isinteger-4.0.4.tgz",
			"integrity": "sha512-DBwtEWN2caHQ9/imiNeEA5ys1JoRtRfY3d7V9wkqtbycnAmTvRRmbHKDV4a0EYc678/dia0jrte4tjYwVBaZUA=="
		},
		"node_modules/lodash.isnumber": {
			"version": "3.0.3",
			"resolved": "https://registry.npmjs.org/lodash.isnumber/-/lodash.isnumber-3.0.3.tgz",
			"integrity": "sha512-QYqzpfwO3/CWf3XP+Z+tkQsfaLL/EnUlXWVkIk5FUPc4sBdTehEqZONuyRt2P67PXAk+NXmTBcc97zw9t1FQrw=="
		},
		"node_modules/lodash.isplainobject": {
			"version": "4.0.6",
			"resolved": "https://registry.npmjs.org/lodash.isplainobject/-/lodash.isplainobject-4.0.6.tgz",
			"integrity": "sha512-oSXzaWypCMHkPC3NvBEaPHf0KsA5mvPrOPgQWDsbg8n7orZ290M0BmC/jgRZ4vcJ6DTAhjrsSYgdsW/F+MFOBA=="
		},
		"node_modules/lodash.isstring": {
			"version": "4.0.1",
			"resolved": "https://registry.npmjs.org/lodash.isstring/-/lodash.isstring-4.0.1.tgz",
			"integrity": "sha512-0wJxfxH1wgO3GrbuP+dTTk7op+6L41QCXbGINEmD+ny/G/eCqGzxyCsh7159S+mgDDcoarnBw6PC1PS5+wUGgw=="
		},
		"node_modules/lodash.once": {
			"version": "4.1.1",
			"resolved": "https://registry.npmjs.org/lodash.once/-/lodash.once-4.1.1.tgz",
			"integrity": "sha512-Sb487aTOCr9drQVL8pIxOzVhafOjZN9UU54hiN8PU3uAiSV7lx1yYNpbNmex2PK6dSJoNTSJUUswT651yww3Mg=="
		},
		"node_modules/magic-string": {
			"version": "0.25.9",
			"dev": true,
			"license": "MIT",
			"dependencies": {
				"sourcemap-codec": "^1.4.8"
			}
		},
		"node_modules/mime": {
			"version": "3.0.0",
			"resolved": "https://registry.npmjs.org/mime/-/mime-3.0.0.tgz",
			"integrity": "sha512-jSCU7/VB1loIWBZe14aEYHU/+1UMEHoaO7qxCOVJOw9GgH72VAWppxNcjU+x9a2k3GSIBXNKxXQFqRvvZ7vr3A==",
			"dev": true,
			"bin": {
				"mime": "cli.js"
			},
			"engines": {
				"node": ">=10.0.0"
			}
		},
		"node_modules/miniflare": {
			"version": "3.20240821.0",
			"resolved": "https://registry.npmjs.org/miniflare/-/miniflare-3.20240821.0.tgz",
			"integrity": "sha512-4BhLGpssQxM/O6TZmJ10GkT3wBJK6emFkZ3V87/HyvQmVt8zMxEBvyw5uv6kdtp+7F54Nw6IKFJjPUL8rFVQrQ==",
			"dev": true,
			"dependencies": {
				"@cspotcode/source-map-support": "0.8.1",
				"acorn": "^8.8.0",
				"acorn-walk": "^8.2.0",
				"capnp-ts": "^0.7.0",
				"exit-hook": "^2.2.1",
				"glob-to-regexp": "^0.4.1",
				"stoppable": "^1.1.0",
				"undici": "^5.28.4",
				"workerd": "1.20240821.1",
				"ws": "^8.17.1",
				"youch": "^3.2.2",
				"zod": "^3.22.3"
			},
			"bin": {
				"miniflare": "bootstrap.js"
			},
			"engines": {
				"node": ">=16.13"
			}
		},
		"node_modules/ms": {
			"version": "2.1.2",
			"license": "MIT"
		},
		"node_modules/mustache": {
			"version": "4.2.0",
			"resolved": "https://registry.npmjs.org/mustache/-/mustache-4.2.0.tgz",
			"integrity": "sha512-71ippSywq5Yb7/tVYyGbkBggbU8H3u5Rz56fH60jGFgr8uHwxs+aSKeqmluIVzM0m0kB7xQjKS6qPfd0b2ZoqQ==",
			"dev": true,
			"bin": {
				"mustache": "bin/mustache"
			}
		},
		"node_modules/nanoid": {
			"version": "3.3.7",
			"dev": true,
			"funding": [
				{
					"type": "github",
					"url": "https://github.com/sponsors/ai"
				}
			],
			"license": "MIT",
			"bin": {
				"nanoid": "bin/nanoid.cjs"
			},
			"engines": {
				"node": "^10 || ^12 || ^13.7 || ^14 || >=15.0.1"
			}
		},
		"node_modules/node-forge": {
			"version": "1.3.1",
			"dev": true,
			"license": "(BSD-3-Clause OR GPL-2.0)",
			"engines": {
				"node": ">= 6.13.0"
			}
		},
		"node_modules/normalize-path": {
			"version": "3.0.0",
			"dev": true,
			"license": "MIT",
			"engines": {
				"node": ">=0.10.0"
			}
		},
		"node_modules/obuf": {
			"version": "1.1.2",
			"resolved": "https://registry.npmjs.org/obuf/-/obuf-1.1.2.tgz",
			"integrity": "sha512-PX1wu0AmAdPqOL1mWhqmlOd8kOIZQwGZw6rh7uby9fTc5lhaOWFLX3I6R1hrF9k3zUY40e6igsLGkDXK92LJNg=="
		},
		"node_modules/ohash": {
			"version": "1.1.3",
			"resolved": "https://registry.npmjs.org/ohash/-/ohash-1.1.3.tgz",
			"integrity": "sha512-zuHHiGTYTA1sYJ/wZN+t5HKZaH23i4yI1HMwbuXm24Nid7Dv0KcuRlKoNKS9UNfAVSBlnGLcuQrnOKWOZoEGaw==",
			"dev": true
		},
		"node_modules/open": {
			"version": "8.4.2",
			"resolved": "https://registry.npmjs.org/open/-/open-8.4.2.tgz",
			"integrity": "sha512-7x81NCL719oNbsq/3mh+hVrAWmFuEYUqrq/Iw3kUzH8ReypT9QQ0BLoJS7/G9k6N81XjW4qHWtjWwe/9eLy1EQ==",
			"dependencies": {
				"define-lazy-prop": "^2.0.0",
				"is-docker": "^2.1.1",
				"is-wsl": "^2.2.0"
			},
			"engines": {
				"node": ">=12"
			},
			"funding": {
				"url": "https://github.com/sponsors/sindresorhus"
			}
		},
		"node_modules/openapi3-ts": {
			"version": "4.3.2",
			"license": "MIT",
			"dependencies": {
				"yaml": "^2.4.2"
			}
		},
		"node_modules/path-parse": {
			"version": "1.0.7",
			"dev": true,
			"license": "MIT"
		},
		"node_modules/path-to-regexp": {
			"version": "6.2.2",
			"dev": true,
			"license": "MIT"
		},
		"node_modules/pathe": {
			"version": "1.1.2",
			"resolved": "https://registry.npmjs.org/pathe/-/pathe-1.1.2.tgz",
			"integrity": "sha512-whLdWMYL2TwI08hn8/ZqAbrVemu0LNaNNJZX73O6qaIdCTfXutsLhMkjdENX0qhsQ9uIimo4/aQOmXkoon2nDQ==",
			"dev": true
		},
		"node_modules/pg-int8": {
			"version": "1.0.1",
			"resolved": "https://registry.npmjs.org/pg-int8/-/pg-int8-1.0.1.tgz",
			"integrity": "sha512-WCtabS6t3c8SkpDBUlb1kjOs7l66xsGdKpIPZsg4wR+B3+u9UAum2odSsF9tnvxg80h4ZxLWMy4pRjOsFIqQpw==",
			"engines": {
				"node": ">=4.0.0"
			}
		},
		"node_modules/pg-numeric": {
			"version": "1.0.2",
			"resolved": "https://registry.npmjs.org/pg-numeric/-/pg-numeric-1.0.2.tgz",
			"integrity": "sha512-BM/Thnrw5jm2kKLE5uJkXqqExRUY/toLHda65XgFTBTFYZyopbKjBe29Ii3RbkvlsMoFwD+tHeGaCjjv0gHlyw==",
			"engines": {
				"node": ">=4"
			}
		},
		"node_modules/pg-protocol": {
			"version": "1.6.1",
			"resolved": "https://registry.npmjs.org/pg-protocol/-/pg-protocol-1.6.1.tgz",
			"integrity": "sha512-jPIlvgoD63hrEuihvIg+tJhoGjUsLPn6poJY9N5CnlPd91c2T18T/9zBtLxZSb1EhYxBRoZJtzScCaWlYLtktg=="
		},
		"node_modules/pg-types": {
			"version": "4.0.2",
			"resolved": "https://registry.npmjs.org/pg-types/-/pg-types-4.0.2.tgz",
			"integrity": "sha512-cRL3JpS3lKMGsKaWndugWQoLOCoP+Cic8oseVcbr0qhPzYD5DWXK+RZ9LY9wxRf7RQia4SCwQlXk0q6FCPrVng==",
			"dependencies": {
				"pg-int8": "1.0.1",
				"pg-numeric": "1.0.2",
				"postgres-array": "~3.0.1",
				"postgres-bytea": "~3.0.0",
				"postgres-date": "~2.1.0",
				"postgres-interval": "^3.0.0",
				"postgres-range": "^1.1.1"
			},
			"engines": {
				"node": ">=10"
			}
		},
		"node_modules/picomatch": {
			"version": "2.3.1",
			"dev": true,
			"license": "MIT",
			"engines": {
				"node": ">=8.6"
			},
			"funding": {
				"url": "https://github.com/sponsors/jonschlinkert"
			}
		},
		"node_modules/postgres-array": {
			"version": "3.0.2",
			"resolved": "https://registry.npmjs.org/postgres-array/-/postgres-array-3.0.2.tgz",
			"integrity": "sha512-6faShkdFugNQCLwucjPcY5ARoW1SlbnrZjmGl0IrrqewpvxvhSLHimCVzqeuULCbG0fQv7Dtk1yDbG3xv7Veog==",
			"engines": {
				"node": ">=12"
			}
		},
		"node_modules/postgres-bytea": {
			"version": "3.0.0",
			"resolved": "https://registry.npmjs.org/postgres-bytea/-/postgres-bytea-3.0.0.tgz",
			"integrity": "sha512-CNd4jim9RFPkObHSjVHlVrxoVQXz7quwNFpz7RY1okNNme49+sVyiTvTRobiLV548Hx/hb1BG+iE7h9493WzFw==",
			"dependencies": {
				"obuf": "~1.1.2"
			},
			"engines": {
				"node": ">= 6"
			}
		},
		"node_modules/postgres-date": {
			"version": "2.1.0",
			"resolved": "https://registry.npmjs.org/postgres-date/-/postgres-date-2.1.0.tgz",
			"integrity": "sha512-K7Juri8gtgXVcDfZttFKVmhglp7epKb1K4pgrkLxehjqkrgPhfG6OO8LHLkfaqkbpjNRnra018XwAr1yQFWGcA==",
			"engines": {
				"node": ">=12"
			}
		},
		"node_modules/postgres-interval": {
			"version": "3.0.0",
			"resolved": "https://registry.npmjs.org/postgres-interval/-/postgres-interval-3.0.0.tgz",
			"integrity": "sha512-BSNDnbyZCXSxgA+1f5UU2GmwhoI0aU5yMxRGO8CdFEcY2BQF9xm/7MqKnYoM1nJDk8nONNWDk9WeSmePFhQdlw==",
			"engines": {
				"node": ">=12"
			}
		},
		"node_modules/postgres-range": {
			"version": "1.1.4",
			"resolved": "https://registry.npmjs.org/postgres-range/-/postgres-range-1.1.4.tgz",
			"integrity": "sha512-i/hbxIE9803Alj/6ytL7UHQxRvZkI9O4Sy+J3HGc4F4oo/2eQAjTSNJ0bfxyse3bH0nuVesCk+3IRLaMtG3H6w=="
		},
		"node_modules/printable-characters": {
			"version": "1.0.42",
			"resolved": "https://registry.npmjs.org/printable-characters/-/printable-characters-1.0.42.tgz",
			"integrity": "sha512-dKp+C4iXWK4vVYZmYSd0KBH5F/h1HoZRsbJ82AVKRO3PEo8L4lBS/vLwhVtpwwuYcoIsVY+1JYKR268yn480uQ==",
			"dev": true
		},
		"node_modules/readdirp": {
			"version": "3.6.0",
			"dev": true,
			"license": "MIT",
			"dependencies": {
				"picomatch": "^2.2.1"
			},
			"engines": {
				"node": ">=8.10.0"
			}
		},
		"node_modules/resolve": {
			"version": "1.22.8",
			"dev": true,
			"license": "MIT",
			"dependencies": {
				"is-core-module": "^2.13.0",
				"path-parse": "^1.0.7",
				"supports-preserve-symlinks-flag": "^1.0.0"
			},
			"bin": {
				"resolve": "bin/resolve"
			},
			"funding": {
				"url": "https://github.com/sponsors/ljharb"
			}
		},
		"node_modules/resolve.exports": {
			"version": "2.0.2",
			"dev": true,
			"license": "MIT",
			"engines": {
				"node": ">=10"
			}
		},
		"node_modules/rollup-plugin-inject": {
			"version": "3.0.2",
			"dev": true,
			"license": "MIT",
			"dependencies": {
				"estree-walker": "^0.6.1",
				"magic-string": "^0.25.3",
				"rollup-pluginutils": "^2.8.1"
			}
		},
		"node_modules/rollup-plugin-node-polyfills": {
			"version": "0.2.1",
			"dev": true,
			"license": "MIT",
			"dependencies": {
				"rollup-plugin-inject": "^3.0.0"
			}
		},
		"node_modules/rollup-pluginutils": {
			"version": "2.8.2",
			"dev": true,
			"license": "MIT",
			"dependencies": {
				"estree-walker": "^0.6.1"
			}
		},
		"node_modules/safe-buffer": {
			"version": "5.2.1",
			"resolved": "https://registry.npmjs.org/safe-buffer/-/safe-buffer-5.2.1.tgz",
			"integrity": "sha512-rp3So07KcdmmKbGvgaNxQSJr7bGVSVk5S9Eq1F+ppbRo70+YeaDxkw5Dd8NPN+GD6bjnYm2VuPuCXmpuYvmCXQ==",
			"funding": [
				{
					"type": "github",
					"url": "https://github.com/sponsors/feross"
				},
				{
					"type": "patreon",
					"url": "https://www.patreon.com/feross"
				},
				{
					"type": "consulting",
					"url": "https://feross.org/support"
				}
			]
		},
		"node_modules/selfsigned": {
			"version": "2.4.1",
			"dev": true,
			"license": "MIT",
			"dependencies": {
				"@types/node-forge": "^1.3.0",
				"node-forge": "^1"
			},
			"engines": {
				"node": ">=10"
			}
		},
		"node_modules/semver": {
			"version": "7.6.2",
			"resolved": "https://registry.npmjs.org/semver/-/semver-7.6.2.tgz",
			"integrity": "sha512-FNAIBWCx9qcRhoHcgcJ0gvU7SN1lYU2ZXuSfl04bSC5OpvDHFyJCjdNHomPXxjQlCBU67YW64PzY7/VIEH7F2w==",
			"bin": {
				"semver": "bin/semver.js"
			},
			"engines": {
				"node": ">=10"
			}
		},
		"node_modules/source-map": {
			"version": "0.6.1",
			"resolved": "https://registry.npmjs.org/source-map/-/source-map-0.6.1.tgz",
			"integrity": "sha512-UjgapumWlbMhkBgzT7Ykc5YXUT46F0iKu8SGXq0bcwP5dz/h0Plj6enJqjz1Zbq2l5WaqYnrVbwWOWMyF3F47g==",
			"dev": true,
			"engines": {
				"node": ">=0.10.0"
			}
		},
		"node_modules/sourcemap-codec": {
			"version": "1.4.8",
			"dev": true,
			"license": "MIT"
		},
		"node_modules/stacktracey": {
			"version": "2.1.8",
			"resolved": "https://registry.npmjs.org/stacktracey/-/stacktracey-2.1.8.tgz",
			"integrity": "sha512-Kpij9riA+UNg7TnphqjH7/CzctQ/owJGNbFkfEeve4Z4uxT5+JapVLFXcsurIfN34gnTWZNJ/f7NMG0E8JDzTw==",
			"dev": true,
			"dependencies": {
				"as-table": "^1.0.36",
				"get-source": "^2.0.12"
			}
		},
		"node_modules/stoppable": {
			"version": "1.1.0",
			"license": "MIT",
			"engines": {
				"node": ">=4",
				"npm": ">=6"
			}
		},
		"node_modules/supports-preserve-symlinks-flag": {
			"version": "1.0.0",
			"dev": true,
			"license": "MIT",
			"engines": {
				"node": ">= 0.4"
			},
			"funding": {
				"url": "https://github.com/sponsors/ljharb"
			}
		},
		"node_modules/to-regex-range": {
			"version": "5.0.1",
			"dev": true,
			"license": "MIT",
			"dependencies": {
				"is-number": "^7.0.0"
			},
			"engines": {
				"node": ">=8.0"
			}
		},
		"node_modules/tslib": {
			"version": "2.6.2",
			"license": "0BSD"
		},
		"node_modules/ufo": {
			"version": "1.5.4",
			"resolved": "https://registry.npmjs.org/ufo/-/ufo-1.5.4.tgz",
			"integrity": "sha512-UsUk3byDzKd04EyoZ7U4DOlxQaD14JUKQl6/P7wiX4FNvUfm3XL246n9W5AmqwW5RSFJ27NAuM0iLscAOYUiGQ==",
			"dev": true
		},
		"node_modules/undici": {
			"version": "5.28.4",
			"resolved": "https://registry.npmjs.org/undici/-/undici-5.28.4.tgz",
			"integrity": "sha512-72RFADWFqKmUb2hmmvNODKL3p9hcB6Gt2DOQMis1SEBaV6a4MH8soBvzg+95CYhCKPFedut2JY9bMfrDl9D23g==",
			"dev": true,
			"dependencies": {
				"@fastify/busboy": "^2.0.0"
			},
			"engines": {
				"node": ">=14.0"
			}
		},
		"node_modules/undici-types": {
			"version": "5.26.5",
			"license": "MIT"
		},
		"node_modules/unenv": {
			"name": "unenv-nightly",
			"version": "2.0.0-1724863496.70db6f1",
			"resolved": "https://registry.npmjs.org/unenv-nightly/-/unenv-nightly-2.0.0-1724863496.70db6f1.tgz",
			"integrity": "sha512-r+VIl1gnsI4WQxluruSQhy8alpAf1AsLRLm4sEKp3otCyTIVD6I6wHEYzeQnwsyWgaD4+3BD4A/eqrgOpdTzhw==",
			"dev": true,
			"dependencies": {
				"defu": "^6.1.4",
				"ohash": "^1.1.3",
				"pathe": "^1.1.2",
				"ufo": "^1.5.4"
			}
		},
		"node_modules/uuid": {
			"version": "8.3.2",
			"resolved": "https://registry.npmjs.org/uuid/-/uuid-8.3.2.tgz",
			"integrity": "sha512-+NYs2QeMWy+GWFOEm9xnn6HCDp0l7QBD7ml8zLUmJ+93Q5NF0NocErnwkTkXVFNiX3/fpC6afS8Dhb/gz7R7eg==",
			"bin": {
				"uuid": "dist/bin/uuid"
			}
		},
		"node_modules/workerd": {
			"version": "1.20240821.1",
			"resolved": "https://registry.npmjs.org/workerd/-/workerd-1.20240821.1.tgz",
			"integrity": "sha512-y4phjCnEG96u8ZkgkkHB+gSw0i6uMNo23rBmixylWpjxDklB+LWD8dztasvsu7xGaZbLoTxQESdEw956F7VJDA==",
			"dev": true,
			"hasInstallScript": true,
			"bin": {
				"workerd": "bin/workerd"
			},
			"engines": {
				"node": ">=16"
			},
			"optionalDependencies": {
				"@cloudflare/workerd-darwin-64": "1.20240821.1",
				"@cloudflare/workerd-darwin-arm64": "1.20240821.1",
				"@cloudflare/workerd-linux-64": "1.20240821.1",
				"@cloudflare/workerd-linux-arm64": "1.20240821.1",
				"@cloudflare/workerd-windows-64": "1.20240821.1"
			}
		},
		"node_modules/wrangler": {
			"version": "3.73.0",
			"resolved": "https://registry.npmjs.org/wrangler/-/wrangler-3.73.0.tgz",
			"integrity": "sha512-VrdDR2OpvsCQp+r5Of3rDP1W64cNN/LHLVx1roULOlPS8PZiv7rUYgkwhdCQ61+HICAaeSxWYIzkL5+B9+8W3g==",
			"dev": true,
			"dependencies": {
				"@cloudflare/kv-asset-handler": "0.3.4",
				"@cloudflare/workers-shared": "0.4.1",
				"@esbuild-plugins/node-globals-polyfill": "^0.2.3",
				"@esbuild-plugins/node-modules-polyfill": "^0.2.2",
				"blake3-wasm": "^2.1.5",
				"chokidar": "^3.5.3",
				"date-fns": "^3.6.0",
				"esbuild": "0.17.19",
				"miniflare": "3.20240821.0",
				"nanoid": "^3.3.3",
				"path-to-regexp": "^6.2.0",
				"resolve": "^1.22.8",
				"resolve.exports": "^2.0.2",
				"selfsigned": "^2.0.1",
				"source-map": "^0.6.1",
				"unenv": "npm:unenv-nightly@2.0.0-1724863496.70db6f1",
				"workerd": "1.20240821.1",
				"xxhash-wasm": "^1.0.1"
			},
			"bin": {
				"wrangler": "bin/wrangler.js",
				"wrangler2": "bin/wrangler.js"
			},
			"engines": {
				"node": ">=16.17.0"
			},
			"optionalDependencies": {
				"fsevents": "~2.3.2"
			},
			"peerDependencies": {
				"@cloudflare/workers-types": "^4.20240821.1"
			},
			"peerDependenciesMeta": {
				"@cloudflare/workers-types": {
					"optional": true
				}
			}
		},
		"node_modules/ws": {
			"version": "8.18.0",
			"resolved": "https://registry.npmjs.org/ws/-/ws-8.18.0.tgz",
			"integrity": "sha512-8VbfWfHLbbwu3+N6OKsOMpBdT4kXPDDB9cJk2bJ6mh9ucxdlnNvH1e+roYkKmN9Nxw2yjz7VzeO9oOz2zJ04Pw==",
			"dev": true,
			"engines": {
				"node": ">=10.0.0"
			},
			"peerDependencies": {
				"bufferutil": "^4.0.1",
				"utf-8-validate": ">=5.0.2"
			},
			"peerDependenciesMeta": {
				"bufferutil": {
					"optional": true
				},
				"utf-8-validate": {
					"optional": true
				}
			}
		},
		"node_modules/xxhash-wasm": {
			"version": "1.0.2",
			"dev": true,
			"license": "MIT"
		},
		"node_modules/yaml": {
			"version": "2.4.2",
			"license": "ISC",
			"bin": {
				"yaml": "bin.mjs"
			},
			"engines": {
				"node": ">= 14"
			}
		},
		"node_modules/youch": {
			"version": "3.3.3",
			"resolved": "https://registry.npmjs.org/youch/-/youch-3.3.3.tgz",
			"integrity": "sha512-qSFXUk3UZBLfggAW3dJKg0BMblG5biqSF8M34E06o5CSsZtH92u9Hqmj2RzGiHDi64fhe83+4tENFP2DB6t6ZA==",
			"dev": true,
			"dependencies": {
				"cookie": "^0.5.0",
				"mustache": "^4.2.0",
				"stacktracey": "^2.1.8"
			}
		},
		"node_modules/zod": {
			"version": "3.23.8",
			"license": "MIT",
			"funding": {
				"url": "https://github.com/sponsors/colinhacks"
			}
		}
	}
}
